
Microsoft Visual Studio Solution File, Format Version 12.00
Project("{FAE04EC0-301F-11D3-BF4B-00C04F79EFBC}") = "RayCasting.Core", "RayCasting.Core\RayCasting.Core.csproj", "{962BD166-4ABD-49C3-AC29-EB89B0F863EA}"
EndProject
Project("{FAE04EC0-301F-11D3-BF4B-00C04F79EFBC}") = "RayCasting.Console", "RayCasting.Console\RayCasting.Console.csproj", "{3B984635-8984-4765-B7A3-F86E906FA574}"
EndProject
Global
	GlobalSection(SolutionConfigurationPlatforms) = preSolution
		Debug|Any CPU = Debug|Any CPU
		Release|Any CPU = Release|Any CPU
	EndGlobalSection
	GlobalSection(ProjectConfigurationPlatforms) = postSolution
		{962BD166-4ABD-49C3-AC29-EB89B0F863EA}.Debug|Any CPU.ActiveCfg = Debug|Any CPU
		{962BD166-4ABD-49C3-AC29-EB89B0F863EA}.Debug|Any CPU.Build.0 = Debug|Any CPU
		{962BD166-4ABD-49C3-AC29-EB89B0F863EA}.Release|Any CPU.ActiveCfg = Release|Any CPU
		{962BD166-4ABD-49C3-AC29-EB89B0F863EA}.Release|Any CPU.Build.0 = Release|Any CPU
		{3B984635-8984-4765-B7A3-F86E906FA574}.Debug|Any CPU.ActiveCfg = Debug|Any CPU
		{3B984635-8984-4765-B7A3-F86E906FA574}.Debug|Any CPU.Build.0 = Debug|Any CPU
		{3B984635-8984-4765-B7A3-F86E906FA574}.Release|Any CPU.ActiveCfg = Release|Any CPU
		{3B984635-8984-4765-B7A3-F86E906FA574}.Release|Any CPU.Build.0 = Release|Any CPU
	EndGlobalSection
EndGlobal
